// !$*UTF8*$!
{
	archiveVersion = 1;
	classes = {
	};
	objectVersion = 46;
	objects = {

/* Begin PBXBuildFile section */
		C81E558F1E714C5400539C77 /* main.m in Sources */ = {isa = PBXBuildFile; fileRef = C81E558E1E714C5400539C77 /* main.m */; };
		C81E55921E714C5400539C77 /* AppDelegate.m in Sources */ = {isa = PBXBuildFile; fileRef = C81E55911E714C5400539C77 /* AppDelegate.m */; };
		C81E55951E714C5400539C77 /* ViewController.m in Sources */ = {isa = PBXBuildFile; fileRef = C81E55941E714C5400539C77 /* ViewController.m */; };
		C81E55981E714C5400539C77 /* Main.storyboard in Resources */ = {isa = PBXBuildFile; fileRef = C81E55961E714C5400539C77 /* Main.storyboard */; };
		C81E559A1E714C5400539C77 /* Assets.xcassets in Resources */ = {isa = PBXBuildFile; fileRef = C81E55991E714C5400539C77 /* Assets.xcassets */; };
		C81E559D1E714C5400539C77 /* LaunchScreen.storyboard in Resources */ = {isa = PBXBuildFile; fileRef = C81E559B1E714C5400539C77 /* LaunchScreen.storyboard */; };
		C81E55A81E714C5400539C77 /* SubtreeDemoTests.m in Sources */ = {isa = PBXBuildFile; fileRef = C81E55A71E714C5400539C77 /* SubtreeDemoTests.m */; };
		C81E55B91E714EC300539C77 /* .gitignore in Resources */ = {isa = PBXBuildFile; fileRef = C81E55B31E714EC300539C77 /* .gitignore */; };
		C81E55BA1E714EC300539C77 /* README.md in Sources */ = {isa = PBXBuildFile; fileRef = C81E55B41E714EC300539C77 /* README.md */; };
		C81E55BB1E714EC300539C77 /* StaticLibrary.m in Sources */ = {isa = PBXBuildFile; fileRef = C81E55B61E714EC300539C77 /* StaticLibrary.m */; };
		C81E55BC1E714EC300539C77 /* StaticViewController.m in Sources */ = {isa = PBXBuildFile; fileRef = C81E55B81E714EC300539C77 /* StaticViewController.m */; };
/* End PBXBuildFile section */

/* Begin PBXContainerItemProxy section */
		C81E55A41E714C5400539C77 /* PBXContainerItemProxy */ = {
			isa = PBXContainerItemProxy;
			containerPortal = C81E55821E714C5400539C77 /* Project object */;
			proxyType = 1;
			remoteGlobalIDString = C81E55891E714C5400539C77;
			remoteInfo = SubtreeDemo;
		};
/* End PBXContainerItemProxy section */

/* Begin PBXFileReference section */
		C81E558A1E714C5400539C77 /* SubtreeDemo.app */ = {isa = PBXFileReference; explicitFileType = wrapper.application; includeInIndex = 0; path = SubtreeDemo.app; sourceTree = BUILT_PRODUCTS_DIR; };
		C81E558E1E714C5400539C77 /* main.m */ = {isa = PBXFileReference; lastKnownFileType = sourcecode.c.objc; path = main.m; sourceTree = "<group>"; };
		C81E55901E714C5400539C77 /* AppDelegate.h */ = {isa = PBXFileReference; lastKnownFileType = sourcecode.c.h; path = AppDelegate.h; sourceTree = "<group>"; };
		C81E55911E714C5400539C77 /* AppDelegate.m */ = {isa = PBXFileReference; lastKnownFileType = sourcecode.c.objc; path = AppDelegate.m; sourceTree = "<group>"; };
		C81E55931E714C5400539C77 /* ViewController.h */ = {isa = PBXFileReference; lastKnownFileType = sourcecode.c.h; path = ViewController.h; sourceTree = "<group>"; };
		C81E55941E714C5400539C77 /* ViewController.m */ = {isa = PBXFileReference; lastKnownFileType = sourcecode.c.objc; path = ViewController.m; sourceTree = "<group>"; };
		C81E55971E714C5400539C77 /* Base */ = {isa = PBXFileReference; lastKnownFileType = file.storyboard; name = Base; path = Base.lproj/Main.storyboard; sourceTree = "<group>"; };
		C81E55991E714C5400539C77 /* Assets.xcassets */ = {isa = PBXFileReference; lastKnownFileType = folder.assetcatalog; path = Assets.xcassets; sourceTree = "<group>"; };
		C81E559C1E714C5400539C77 /* Base */ = {isa = PBXFileReference; lastKnownFileType = file.storyboard; name = Base; path = Base.lproj/LaunchScreen.storyboard; sourceTree = "<group>"; };
		C81E559E1E714C5400539C77 /* Info.plist */ = {isa = PBXFileReference; lastKnownFileType = text.plist.xml; path = Info.plist; sourceTree = "<group>"; };
		C81E55A31E714C5400539C77 /* SubtreeDemoTests.xctest */ = {isa = PBXFileReference; explicitFileType = wrapper.cfbundle; includeInIndex = 0; path = SubtreeDemoTests.xctest; sourceTree = BUILT_PRODUCTS_DIR; };
		C81E55A71E714C5400539C77 /* SubtreeDemoTests.m */ = {isa = PBXFileReference; lastKnownFileType = sourcecode.c.objc; path = SubtreeDemoTests.m; sourceTree = "<group>"; };
		C81E55A91E714C5400539C77 /* Info.plist */ = {isa = PBXFileReference; lastKnownFileType = text.plist.xml; path = Info.plist; sourceTree = "<group>"; };
		C81E55B31E714EC300539C77 /* .gitignore */ = {isa = PBXFileReference; fileEncoding = 4; lastKnownFileType = text; path = .gitignore; sourceTree = "<group>"; };
		C81E55B41E714EC300539C77 /* README.md */ = {isa = PBXFileReference; fileEncoding = 4; lastKnownFileType = net.daringfireball.markdown; path = README.md; sourceTree = "<group>"; };
		C81E55B51E714EC300539C77 /* StaticLibrary.h */ = {isa = PBXFileReference; fileEncoding = 4; lastKnownFileType = sourcecode.c.h; path = StaticLibrary.h; sourceTree = "<group>"; };
		C81E55B61E714EC300539C77 /* StaticLibrary.m */ = {isa = PBXFileReference; fileEncoding = 4; lastKnownFileType = sourcecode.c.objc; path = StaticLibrary.m; sourceTree = "<group>"; };
		C81E55B71E714EC300539C77 /* StaticViewController.h */ = {isa = PBXFileReference; fileEncoding = 4; lastKnownFileType = sourcecode.c.h; path = StaticViewController.h; sourceTree = "<group>"; };
		C81E55B81E714EC300539C77 /* StaticViewController.m */ = {isa = PBXFileReference; fileEncoding = 4; lastKnownFileType = sourcecode.c.objc; path = StaticViewController.m; sourceTree = "<group>"; };
/* End PBXFileReference section */

/* Begin PBXFrameworksBuildPhase section */
		C81E55871E714C5400539C77 /* Frameworks */ = {
			isa = PBXFrameworksBuildPhase;
			buildActionMask = 2147483647;
			files = (
			);
			runOnlyForDeploymentPostprocessing = 0;
		};
		C81E55A01E714C5400539C77 /* Frameworks */ = {
			isa = PBXFrameworksBuildPhase;
			buildActionMask = 2147483647;
			files = (
			);
			runOnlyForDeploymentPostprocessing = 0;
		};
/* End PBXFrameworksBuildPhase section */

/* Begin PBXGroup section */
		C81E55811E714C5400539C77 = {
			isa = PBXGroup;
			children = (
				C81E558C1E714C5400539C77 /* SubtreeDemo */,
				C81E55A61E714C5400539C77 /* SubtreeDemoTests */,
				C81E558B1E714C5400539C77 /* Products */,
			);
			sourceTree = "<group>";
		};
		C81E558B1E714C5400539C77 /* Products */ = {
			isa = PBXGroup;
			children = (
				C81E558A1E714C5400539C77 /* SubtreeDemo.app */,
				C81E55A31E714C5400539C77 /* SubtreeDemoTests.xctest */,
			);
			name = Products;
			sourceTree = "<group>";
		};
		C81E558C1E714C5400539C77 /* SubtreeDemo */ = {
			isa = PBXGroup;
			children = (
				C81E55B21E714EC300539C77 /* StaticLibrary */,
				C81E55901E714C5400539C77 /* AppDelegate.h */,
				C81E55911E714C5400539C77 /* AppDelegate.m */,
				C81E55931E714C5400539C77 /* ViewController.h */,
				C81E55941E714C5400539C77 /* ViewController.m */,
				C81E55961E714C5400539C77 /* Main.storyboard */,
				C81E55991E714C5400539C77 /* Assets.xcassets */,
				C81E559B1E714C5400539C77 /* LaunchScreen.storyboard */,
				C81E559E1E714C5400539C77 /* Info.plist */,
				C81E558D1E714C5400539C77 /* Supporting Files */,
			);
			path = SubtreeDemo;
			sourceTree = "<group>";
		};
		C81E558D1E714C5400539C77 /* Supporting Files */ = {
			isa = PBXGroup;
			children = (
				C81E558E1E714C5400539C77 /* main.m */,
			);
			name = "Supporting Files";
			sourceTree = "<group>";
		};
		C81E55A61E714C5400539C77 /* SubtreeDemoTests */ = {
			isa = PBXGroup;
			children = (
				C81E55A71E714C5400539C77 /* SubtreeDemoTests.m */,
				C81E55A91E714C5400539C77 /* Info.plist */,
			);
			path = SubtreeDemoTests;
			sourceTree = "<group>";
		};
		C81E55B21E714EC300539C77 /* StaticLibrary */ = {
			isa = PBXGroup;
			children = (
				C81E55B31E714EC300539C77 /* .gitignore */,
				C81E55B41E714EC300539C77 /* README.md */,
				C81E55B51E714EC300539C77 /* StaticLibrary.h */,
				C81E55B61E714EC300539C77 /* StaticLibrary.m */,
				C81E55B71E714EC300539C77 /* StaticViewController.h */,
				C81E55B81E714EC300539C77 /* StaticViewController.m */,
			);
			path = StaticLibrary;
			sourceTree = "<group>";
		};
/* End PBXGroup section */

/* Begin PBXNativeTarget section */
		C81E55891E714C5400539C77 /* SubtreeDemo */ = {
			isa = PBXNativeTarget;
			buildConfigurationList = C81E55AC1E714C5400539C77 /* Build configuration list for PBXNativeTarget "SubtreeDemo" */;
			buildPhases = (
				C81E55861E714C5400539C77 /* Sources */,
				C81E55871E714C5400539C77 /* Frameworks */,
				C81E55881E714C5400539C77 /* Resources */,
			);
			buildRules = (
			);
			dependencies = (
			);
			name = SubtreeDemo;
			productName = SubtreeDemo;
			productReference = C81E558A1E714C5400539C77 /* SubtreeDemo.app */;
			productType = "com.apple.product-type.application";
		};
		C81E55A21E714C5400539C77 /* SubtreeDemoTests */ = {
			isa = PBXNativeTarget;
			buildConfigurationList = C81E55AF1E714C5400539C77 /* Build configuration list for PBXNativeTarget "SubtreeDemoTests" */;
			buildPhases = (
				C81E559F1E714C5400539C77 /* Sources */,
				C81E55A01E714C5400539C77 /* Frameworks */,
				C81E55A11E714C5400539C77 /* Resources */,
			);
			buildRules = (
			);
			dependencies = (
				C81E55A51E714C5400539C77 /* PBXTargetDependency */,
			);
			name = SubtreeDemoTests;
			productName = SubtreeDemoTests;
			productReference = C81E55A31E714C5400539C77 /* SubtreeDemoTests.xctest */;
			productType = "com.apple.product-type.bundle.unit-test";
		};
/* End PBXNativeTarget section */

/* Begin PBXProject section */
		C81E55821E714C5400539C77 /* Project object */ = {
			isa = PBXProject;
			attributes = {
				LastUpgradeCheck = 0820;
				ORGANIZATIONNAME = "Wilson Yuan";
				TargetAttributes = {
					C81E55891E714C5400539C77 = {
						CreatedOnToolsVersion = 8.2;
						DevelopmentTeam = B8AN3R9Z2W;
						ProvisioningStyle = Automatic;
					};
					C81E55A21E714C5400539C77 = {
						CreatedOnToolsVersion = 8.2;
						DevelopmentTeam = B8AN3R9Z2W;
						ProvisioningStyle = Automatic;
						TestTargetID = C81E55891E714C5400539C77;
					};
				};
			};
			buildConfigurationList = C81E55851E714C5400539C77 /* Build configuration list for PBXProject "SubtreeDemo" */;
			compatibilityVersion = "Xcode 3.2";
			developmentRegion = English;
			hasScannedForEncodings = 0;
			knownRegions = (
				en,
				Base,
			);
			mainGroup = C81E55811E714C5400539C77;
			productRefGroup = C81E558B1E714C5400539C77 /* Products */;
			projectDirPath = "";
			projectRoot = "";
			targets = (
				C81E55891E714C5400539C77 /* SubtreeDemo */,
				C81E55A21E714C5400539C77 /* SubtreeDemoTests */,
			);
		};
/* End PBXProject section */

/* Begin PBXResourcesBuildPhase section */
		C81E55881E714C5400539C77 /* Resources */ = {
			isa = PBXResourcesBuildPhase;
			buildActionMask = 2147483647;
			files = (
				C81E55B91E714EC300539C77 /* .gitignore in Resources */,
				C81E559D1E714C5400539C77 /* LaunchScreen.storyboard in Resources */,
				C81E559A1E714C5400539C77 /* Assets.xcassets in Resources */,
				C81E55981E714C5400539C77 /* Main.storyboard in Resources */,
			);
			runOnlyForDeploymentPostprocessing = 0;
		};
		C81E55A11E714C5400539C77 /* Resources */ = {
			isa = PBXResourcesBuildPhase;
			buildActionMask = 2147483647;
			files = (
			);
			runOnlyForDeploymentPostprocessing = 0;
		};
/* End PBXResourcesBuildPhase section */

/* Begin PBXSourcesBuildPhase section */
		C81E55861E714C5400539C77 /* Sources */ = {
			isa = PBXSourcesBuildPhase;
			buildActionMask = 2147483647;
			files = (
				C81E55BC1E714EC300539C77 /* StaticViewController.m in Sources */,
				C81E55951E714C5400539C77 /* ViewController.m in Sources */,
				C81E55BB1E714EC300539C77 /* StaticLibrary.m in Sources */,
				C81E55921E714C5400539C77 /* AppDelegate.m in Sources */,
				C81E55BA1E714EC300539C77 /* README.md in Sources */,
				C81E558F1E714C5400539C77 /* main.m in Sources */,
			);
			runOnlyForDeploymentPostprocessing = 0;
		};
		C81E559F1E714C5400539C77 /* Sources */ = {
			isa = PBXSourcesBuildPhase;
			buildActionMask = 2147483647;
			files = (
				C81E55A81E714C5400539C77 /* SubtreeDemoTests.m in Sources */,
			);
			runOnlyForDeploymentPostprocessing = 0;
		};
/* End PBXSourcesBuildPhase section */

/* Begin PBXTargetDependency section */
		C81E55A51E714C5400539C77 /* PBXTargetDependency */ = {
			isa = PBXTargetDependency;
			target = C81E55891E714C5400539C77 /* SubtreeDemo */;
			targetProxy = C81E55A41E714C5400539C77 /* PBXContainerItemProxy */;
		};
/* End PBXTargetDependency section */

/* Begin PBXVariantGroup section */
		C81E55961E714C5400539C77 /* Main.storyboard */ = {
			isa = PBXVariantGroup;
			children = (
				C81E55971E714C5400539C77 /* Base */,
			);
			name = Main.storyboard;
			sourceTree = "<group>";
		};
		C81E559B1E714C5400539C77 /* LaunchScreen.storyboard */ = {
			isa = PBXVariantGroup;
			children = (
				C81E559C1E714C5400539C77 /* Base */,
			);
			name = LaunchScreen.storyboard;
			sourceTree = "<group>";
		};
/* End PBXVariantGroup section */

/* Begin XCBuildConfiguration section */
		C81E55AA1E714C5400539C77 /* Debug */ = {
			isa = XCBuildConfiguration;
			buildSettings = {
				ALWAYS_SEARCH_USER_PATHS = NO;
				CLANG_ANALYZER_NONNULL = YES;
				CLANG_CXX_LANGUAGE_STANDARD = "gnu++0x";
				CLANG_CXX_LIBRARY = "libc++";
				CLANG_ENABLE_MODULES = YES;
				CLANG_ENABLE_OBJC_ARC = YES;
				CLANG_WARN_BOOL_CONVERSION = YES;
				CLANG_WARN_CONSTANT_CONVERSION = YES;
				CLANG_WARN_DIRECT_OBJC_ISA_USAGE = YES_ERROR;
				CLANG_WARN_DOCUMENTATION_COMMENTS = YES;
				CLANG_WARN_EMPTY_BODY = YES;
				CLANG_WARN_ENUM_CONVERSION = YES;
				CLANG_WARN_INFINITE_RECURSION = YES;
				CLANG_WARN_INT_CONVERSION = YES;
				CLANG_WARN_OBJC_ROOT_CLASS = YES_ERROR;
				CLANG_WARN_SUSPICIOUS_MOVE = YES;
				CLANG_WARN_UNREACHABLE_CODE = YES;
				CLANG_WARN__DUPLICATE_METHOD_MATCH = YES;
				"CODE_SIGN_IDENTITY[sdk=iphoneos*]" = "iPhone Developer";
				COPY_PHASE_STRIP = NO;
				DEBUG_INFORMATION_FORMAT = dwarf;
				ENABLE_STRICT_OBJC_MSGSEND = YES;
				ENABLE_TESTABILITY = YES;
				GCC_C_LANGUAGE_STANDARD = gnu99;
				GCC_DYNAMIC_NO_PIC = NO;
				GCC_NO_COMMON_BLOCKS = YES;
				GCC_OPTIMIZATION_LEVEL = 0;
				GCC_PREPROCESSOR_DEFINITIONS = (
					"DEBUG=1",
					"$(inherited)",
				);
				GCC_WARN_64_TO_32_BIT_CONVERSION = YES;
				GCC_WARN_ABOUT_RETURN_TYPE = YES_ERROR;
				GCC_WARN_UNDECLARED_SELECTOR = YES;
				GCC_WARN_UNINITIALIZED_AUTOS = YES_AGGRESSIVE;
				GCC_WARN_UNUSED_FUNCTION = YES;
				GCC_WARN_UNUSED_VARIABLE = YES;
				IPHONEOS_DEPLOYMENT_TARGET = 10.2;
				MTL_ENABLE_DEBUG_INFO = YES;
				ONLY_ACTIVE_ARCH = YES;
				SDKROOT = iphoneos;
			};
			name = Debug;
		};
		C81E55AB1E714C5400539C77 /* Release */ = {
			isa = XCBuildConfiguration;
			buildSettings = {
				ALWAYS_SEARCH_USER_PATHS = NO;
				CLANG_ANALYZER_NONNULL = YES;
				CLANG_CXX_LANGUAGE_STANDARD = "gnu++0x";
				CLANG_CXX_LIBRARY = "libc++";
				CLANG_ENABLE_MODULES = YES;
				CLANG_ENABLE_OBJC_ARC = YES;
				CLANG_WARN_BOOL_CONVERSION = YES;
				CLANG_WARN_CONSTANT_CONVERSION = YES;
				CLANG_WARN_DIRECT_OBJC_ISA_USAGE = YES_ERROR;
				CLANG_WARN_DOCUMENTATION_COMMENTS = YES;
				CLANG_WARN_EMPTY_BODY = YES;
				CLANG_WARN_ENUM_CONVERSION = YES;
				CLANG_WARN_INFINITE_RECURSION = YES;
				CLANG_WARN_INT_CONVERSION = YES;
				CLANG_WARN_OBJC_ROOT_CLASS = YES_ERROR;
				CLANG_WARN_SUSPICIOUS_MOVE = YES;
				CLANG_WARN_UNREACHABLE_CODE = YES;
				CLANG_WARN__DUPLICATE_METHOD_MATCH = YES;
				"CODE_SIGN_IDENTITY[sdk=iphoneos*]" = "iPhone Developer";
				COPY_PHASE_STRIP = NO;
				DEBUG_INFORMATION_FORMAT = "dwarf-with-dsym";
				ENABLE_NS_ASSERTIONS = NO;
				ENABLE_STRICT_OBJC_MSGSEND = YES;
				GCC_C_LANGUAGE_STANDARD = gnu99;
				GCC_NO_COMMON_BLOCKS = YES;
				GCC_WARN_64_TO_32_BIT_CONVERSION = YES;
				GCC_WARN_ABOUT_RETURN_TYPE = YES_ERROR;
				GCC_WARN_UNDECLARED_SELECTOR = YES;
				GCC_WARN_UNINITIALIZED_AUTOS = YES_AGGRESSIVE;
				GCC_WARN_UNUSED_FUNCTION = YES;
				GCC_WARN_UNUSED_VARIABLE = YES;
				IPHONEOS_DEPLOYMENT_TARGET = 10.2;
				MTL_ENABLE_DEBUG_INFO = NO;
				SDKROOT = iphoneos;
				VALIDATE_PRODUCT = YES;
			};
			name = Release;
		};
		C81E55AD1E714C5400539C77 /* Debug */ = {
			isa = XCBuildConfiguration;
			buildSettings = {
				ASSETCATALOG_COMPILER_APPICON_NAME = AppIcon;
				DEVELOPMENT_TEAM = B8AN3R9Z2W;
				INFOPLIST_FILE = SubtreeDemo/Info.plist;
				LD_RUNPATH_SEARCH_PATHS = "$(inherited) @executable_path/Frameworks";
				PRODUCT_BUNDLE_IDENTIFIER = com.wilson.SubtreeDemo;
				PRODUCT_NAME = "$(TARGET_NAME)";
			};
			name = Debug;
		};
		C81E55AE1E714C5400539C77 /* Release */ = {
			isa = XCBuildConfiguration;
			buildSettings = {
				ASSETCATALOG_COMPILER_APPICON_NAME = AppIcon;
				DEVELOPMENT_TEAM = B8AN3R9Z2W;
				INFOPLIST_FILE = SubtreeDemo/Info.plist;
				LD_RUNPATH_SEARCH_PATHS = "$(inherited) @executable_path/Frameworks";
				PRODUCT_BUNDLE_IDENTIFIER = com.wilson.SubtreeDemo;
				PRODUCT_NAME = "$(TARGET_NAME)";
			};
			name = Release;
		};
		C81E55B01E714C5400539C77 /* Debug */ = {
			isa = XCBuildConfiguration;
			buildSettings = {
				BUNDLE_LOADER = "$(TEST_HOST)";
				DEVELOPMENT_TEAM = B8AN3R9Z2W;
				INFOPLIST_FILE = SubtreeDemoTests/Info.plist;
				LD_RUNPATH_SEARCH_PATHS = "$(inherited) @executable_path/Frameworks @loader_path/Frameworks";
				PRODUCT_BUNDLE_IDENTIFIER = com.wilson.SubtreeDemoTests;
				PRODUCT_NAME = "$(TARGET_NAME)";
				TEST_HOST = "$(BUILT_PRODUCTS_DIR)/SubtreeDemo.app/SubtreeDemo";
			};
			name = Debug;
		};
		C81E55B11E714C5400539C77 /* Release */ = {
			isa = XCBuildConfiguration;
			buildSettings = {
				BUNDLE_LOADER = "$(TEST_HOST)";
				DEVELOPMENT_TEAM = B8AN3R9Z2W;
				INFOPLIST_FILE = SubtreeDemoTests/Info.plist;
				LD_RUNPATH_SEARCH_PATHS = "$(inherited) @executable_path/Frameworks @loader_path/Frameworks";
				PRODUCT_BUNDLE_IDENTIFIER = com.wilson.SubtreeDemoTests;
				PRODUCT_NAME = "$(TARGET_NAME)";
				TEST_HOST = "$(BUILT_PRODUCTS_DIR)/SubtreeDemo.app/SubtreeDemo";
			};
			name = Release;
		};
/* End XCBuildConfiguration section */

/* Begin XCConfigurationList section */
		C81E55851E714C5400539C77 /* Build configuration list for PBXProject "SubtreeDemo" */ = {
			isa = XCConfigurationList;
			buildConfigurations = (
				C81E55AA1E714C5400539C77 /* Debug */,
				C81E55AB1E714C5400539C77 /* Release */,
			);
			defaultConfigurationIsVisible = 0;
			defaultConfigurationName = Release;
		};
		C81E55AC1E714C5400539C77 /* Build configuration list for PBXNativeTarget "SubtreeDemo" */ = {
			isa = XCConfigurationList;
			buildConfigurations = (
				C81E55AD1E714C5400539C77 /* Debug */,
				C81E55AE1E714C5400539C77 /* Release */,
			);
			defaultConfigurationIsVisible = 0;
		};
		C81E55AF1E714C5400539C77 /* Build configuration list for PBXNativeTarget "SubtreeDemoTests" */ = {
			isa = XCConfigurationList;
			buildConfigurations = (
				C81E55B01E714C5400539C77 /* Debug */,
				C81E55B11E714C5400539C77 /* Release */,
			);
			defaultConfigurationIsVisible = 0;
		};
/* End XCConfigurationList section */
	};
	rootObject = C81E55821E714C5400539C77 /* Project object */;
}
